
Microsoft Visual Studio Solution File, Format Version 12.00
# Visual Studio Version 17
VisualStudioVersion = 17.9.34714.143
MinimumVisualStudioVersion = 10.0.40219.1
Project("{8BC9CEB8-8B4A-11D0-8D11-00A0C91BC942}") = "practice_logger_class_with_problem01_fifo_priority", "practice_logger_class_with_problem01_fifo_priority.vcxproj", "{FA66D6FD-C9AD-49AB-97B7-320CD130A174}"
EndProject
Global
	GlobalSection(SolutionConfigurationPlatforms) = preSolution
		Debug|x64 = Debug|x64
		Debug|x86 = Debug|x86
		Release|x64 = Release|x64
		Release|x86 = Release|x86
	EndGlobalSection
	GlobalSection(ProjectConfigurationPlatforms) = postSolution
		{FA66D6FD-C9AD-49AB-97B7-320CD130A174}.Debug|x64.ActiveCfg = Debug|x64
		{FA66D6FD-C9AD-49AB-97B7-320CD130A174}.Debug|x64.Build.0 = Debug|x64
		{FA66D6FD-C9AD-49AB-97B7-320CD130A174}.Debug|x86.ActiveCfg = Debug|Win32
		{FA66D6FD-C9AD-49AB-97B7-320CD130A174}.Debug|x86.Build.0 = Debug|Win32
		{FA66D6FD-C9AD-49AB-97B7-320CD130A174}.Release|x64.ActiveCfg = Release|x64
		{FA66D6FD-C9AD-49AB-97B7-320CD130A174}.Release|x64.Build.0 = Release|x64
		{FA66D6FD-C9AD-49AB-97B7-320CD130A174}.Release|x86.ActiveCfg = Release|Win32
		{FA66D6FD-C9AD-49AB-97B7-320CD130A174}.Release|x86.Build.0 = Release|Win32
	EndGlobalSection
	GlobalSection(SolutionProperties) = preSolution
		HideSolutionNode = FALSE
	EndGlobalSection
	GlobalSection(ExtensibilityGlobals) = postSolution
		SolutionGuid = {42C7B485-4D55-48E8-B06F-33ECF4401CE5}
	EndGlobalSection
EndGlobal
