
Microsoft Visual Studio Solution File, Format Version 12.00
# Visual Studio Version 17
VisualStudioVersion = 17.9.34714.143
MinimumVisualStudioVersion = 10.0.40219.1
Project("{8BC9CEB8-8B4A-11D0-8D11-00A0C91BC942}") = "day_32", "day_32.vcxproj", "{CF6A3733-F2C7-4190-8865-6472FE33BF1D}"
EndProject
Global
	GlobalSection(SolutionConfigurationPlatforms) = preSolution
		Debug|x64 = Debug|x64
		Debug|x86 = Debug|x86
		Release|x64 = Release|x64
		Release|x86 = Release|x86
	EndGlobalSection
	GlobalSection(ProjectConfigurationPlatforms) = postSolution
		{CF6A3733-F2C7-4190-8865-6472FE33BF1D}.Debug|x64.ActiveCfg = Debug|x64
		{CF6A3733-F2C7-4190-8865-6472FE33BF1D}.Debug|x64.Build.0 = Debug|x64
		{CF6A3733-F2C7-4190-8865-6472FE33BF1D}.Debug|x86.ActiveCfg = Debug|Win32
		{CF6A3733-F2C7-4190-8865-6472FE33BF1D}.Debug|x86.Build.0 = Debug|Win32
		{CF6A3733-F2C7-4190-8865-6472FE33BF1D}.Release|x64.ActiveCfg = Release|x64
		{CF6A3733-F2C7-4190-8865-6472FE33BF1D}.Release|x64.Build.0 = Release|x64
		{CF6A3733-F2C7-4190-8865-6472FE33BF1D}.Release|x86.ActiveCfg = Release|Win32
		{CF6A3733-F2C7-4190-8865-6472FE33BF1D}.Release|x86.Build.0 = Release|Win32
	EndGlobalSection
	GlobalSection(SolutionProperties) = preSolution
		HideSolutionNode = FALSE
	EndGlobalSection
	GlobalSection(ExtensibilityGlobals) = postSolution
		SolutionGuid = {41158906-F1AD-4EFB-8A93-954ED1968A72}
	EndGlobalSection
EndGlobal
