
Microsoft Visual Studio Solution File, Format Version 12.00
# Visual Studio Version 17
VisualStudioVersion = 17.9.34714.143
MinimumVisualStudioVersion = 10.0.40219.1
Project("{8BC9CEB8-8B4A-11D0-8D11-00A0C91BC942}") = "day_34", "day_34.vcxproj", "{241D880E-32DE-40C0-BF48-D03FC712AA4F}"
EndProject
Global
	GlobalSection(SolutionConfigurationPlatforms) = preSolution
		Debug|x64 = Debug|x64
		Debug|x86 = Debug|x86
		Release|x64 = Release|x64
		Release|x86 = Release|x86
	EndGlobalSection
	GlobalSection(ProjectConfigurationPlatforms) = postSolution
		{241D880E-32DE-40C0-BF48-D03FC712AA4F}.Debug|x64.ActiveCfg = Debug|x64
		{241D880E-32DE-40C0-BF48-D03FC712AA4F}.Debug|x64.Build.0 = Debug|x64
		{241D880E-32DE-40C0-BF48-D03FC712AA4F}.Debug|x86.ActiveCfg = Debug|Win32
		{241D880E-32DE-40C0-BF48-D03FC712AA4F}.Debug|x86.Build.0 = Debug|Win32
		{241D880E-32DE-40C0-BF48-D03FC712AA4F}.Release|x64.ActiveCfg = Release|x64
		{241D880E-32DE-40C0-BF48-D03FC712AA4F}.Release|x64.Build.0 = Release|x64
		{241D880E-32DE-40C0-BF48-D03FC712AA4F}.Release|x86.ActiveCfg = Release|Win32
		{241D880E-32DE-40C0-BF48-D03FC712AA4F}.Release|x86.Build.0 = Release|Win32
	EndGlobalSection
	GlobalSection(SolutionProperties) = preSolution
		HideSolutionNode = FALSE
	EndGlobalSection
	GlobalSection(ExtensibilityGlobals) = postSolution
		SolutionGuid = {5424ED4D-5546-4AAF-B25C-7567032F2F3C}
	EndGlobalSection
EndGlobal
