
Microsoft Visual Studio Solution File, Format Version 12.00
# Visual Studio Version 17
VisualStudioVersion = 17.9.34714.143
MinimumVisualStudioVersion = 10.0.40219.1
Project("{8BC9CEB8-8B4A-11D0-8D11-00A0C91BC942}") = "emulation_16_bit", "emulation_16_bit.vcxproj", "{014A87A4-D683-4ECD-A373-18A77C3C4820}"
EndProject
Global
	GlobalSection(SolutionConfigurationPlatforms) = preSolution
		Debug|x64 = Debug|x64
		Debug|x86 = Debug|x86
		Release|x64 = Release|x64
		Release|x86 = Release|x86
	EndGlobalSection
	GlobalSection(ProjectConfigurationPlatforms) = postSolution
		{014A87A4-D683-4ECD-A373-18A77C3C4820}.Debug|x64.ActiveCfg = Debug|x64
		{014A87A4-D683-4ECD-A373-18A77C3C4820}.Debug|x64.Build.0 = Debug|x64
		{014A87A4-D683-4ECD-A373-18A77C3C4820}.Debug|x86.ActiveCfg = Debug|Win32
		{014A87A4-D683-4ECD-A373-18A77C3C4820}.Debug|x86.Build.0 = Debug|Win32
		{014A87A4-D683-4ECD-A373-18A77C3C4820}.Release|x64.ActiveCfg = Release|x64
		{014A87A4-D683-4ECD-A373-18A77C3C4820}.Release|x64.Build.0 = Release|x64
		{014A87A4-D683-4ECD-A373-18A77C3C4820}.Release|x86.ActiveCfg = Release|Win32
		{014A87A4-D683-4ECD-A373-18A77C3C4820}.Release|x86.Build.0 = Release|Win32
	EndGlobalSection
	GlobalSection(SolutionProperties) = preSolution
		HideSolutionNode = FALSE
	EndGlobalSection
	GlobalSection(ExtensibilityGlobals) = postSolution
		SolutionGuid = {F254936A-2E70-4570-BC12-6FD555E9F4A1}
	EndGlobalSection
EndGlobal
