
Microsoft Visual Studio Solution File, Format Version 12.00
# Visual Studio Version 17
VisualStudioVersion = 17.9.34714.143
MinimumVisualStudioVersion = 10.0.40219.1
Project("{8BC9CEB8-8B4A-11D0-8D11-00A0C91BC942}") = "Project1", "Project1.vcxproj", "{82B0C1FE-952F-42FE-82D8-4F3998B51702}"
EndProject
Global
	GlobalSection(SolutionConfigurationPlatforms) = preSolution
		Debug|x64 = Debug|x64
		Debug|x86 = Debug|x86
		Release|x64 = Release|x64
		Release|x86 = Release|x86
	EndGlobalSection
	GlobalSection(ProjectConfigurationPlatforms) = postSolution
		{82B0C1FE-952F-42FE-82D8-4F3998B51702}.Debug|x64.ActiveCfg = Debug|x64
		{82B0C1FE-952F-42FE-82D8-4F3998B51702}.Debug|x64.Build.0 = Debug|x64
		{82B0C1FE-952F-42FE-82D8-4F3998B51702}.Debug|x86.ActiveCfg = Debug|Win32
		{82B0C1FE-952F-42FE-82D8-4F3998B51702}.Debug|x86.Build.0 = Debug|Win32
		{82B0C1FE-952F-42FE-82D8-4F3998B51702}.Release|x64.ActiveCfg = Release|x64
		{82B0C1FE-952F-42FE-82D8-4F3998B51702}.Release|x64.Build.0 = Release|x64
		{82B0C1FE-952F-42FE-82D8-4F3998B51702}.Release|x86.ActiveCfg = Release|Win32
		{82B0C1FE-952F-42FE-82D8-4F3998B51702}.Release|x86.Build.0 = Release|Win32
	EndGlobalSection
	GlobalSection(SolutionProperties) = preSolution
		HideSolutionNode = FALSE
	EndGlobalSection
	GlobalSection(ExtensibilityGlobals) = postSolution
		SolutionGuid = {0E988E52-FB3D-4371-92E7-9E91406D674B}
	EndGlobalSection
EndGlobal
