
Microsoft Visual Studio Solution File, Format Version 12.00
# Visual Studio Version 17
VisualStudioVersion = 17.9.34714.143
MinimumVisualStudioVersion = 10.0.40219.1
Project("{8BC9CEB8-8B4A-11D0-8D11-00A0C91BC942}") = "day_14", "day_14\day_14.vcxproj", "{CBCBF69E-006D-4430-990A-8665150CEB57}"
EndProject
Global
	GlobalSection(SolutionConfigurationPlatforms) = preSolution
		Debug|x64 = Debug|x64
		Debug|x86 = Debug|x86
		Release|x64 = Release|x64
		Release|x86 = Release|x86
	EndGlobalSection
	GlobalSection(ProjectConfigurationPlatforms) = postSolution
		{CBCBF69E-006D-4430-990A-8665150CEB57}.Debug|x64.ActiveCfg = Debug|x64
		{CBCBF69E-006D-4430-990A-8665150CEB57}.Debug|x64.Build.0 = Debug|x64
		{CBCBF69E-006D-4430-990A-8665150CEB57}.Debug|x86.ActiveCfg = Debug|Win32
		{CBCBF69E-006D-4430-990A-8665150CEB57}.Debug|x86.Build.0 = Debug|Win32
		{CBCBF69E-006D-4430-990A-8665150CEB57}.Release|x64.ActiveCfg = Release|x64
		{CBCBF69E-006D-4430-990A-8665150CEB57}.Release|x64.Build.0 = Release|x64
		{CBCBF69E-006D-4430-990A-8665150CEB57}.Release|x86.ActiveCfg = Release|Win32
		{CBCBF69E-006D-4430-990A-8665150CEB57}.Release|x86.Build.0 = Release|Win32
	EndGlobalSection
	GlobalSection(SolutionProperties) = preSolution
		HideSolutionNode = FALSE
	EndGlobalSection
	GlobalSection(ExtensibilityGlobals) = postSolution
		SolutionGuid = {FEDA6709-647A-4E98-8C2E-1275F3697731}
	EndGlobalSection
EndGlobal
