
Microsoft Visual Studio Solution File, Format Version 12.00
# Visual Studio Version 17
VisualStudioVersion = 17.9.34714.143
MinimumVisualStudioVersion = 10.0.40219.1
Project("{8BC9CEB8-8B4A-11D0-8D11-00A0C91BC942}") = "day_29", "day_29.vcxproj", "{C89EF4E6-7926-4AF5-B82D-57755C36B7DE}"
EndProject
Global
	GlobalSection(SolutionConfigurationPlatforms) = preSolution
		Debug|x64 = Debug|x64
		Debug|x86 = Debug|x86
		Release|x64 = Release|x64
		Release|x86 = Release|x86
	EndGlobalSection
	GlobalSection(ProjectConfigurationPlatforms) = postSolution
		{C89EF4E6-7926-4AF5-B82D-57755C36B7DE}.Debug|x64.ActiveCfg = Debug|x64
		{C89EF4E6-7926-4AF5-B82D-57755C36B7DE}.Debug|x64.Build.0 = Debug|x64
		{C89EF4E6-7926-4AF5-B82D-57755C36B7DE}.Debug|x86.ActiveCfg = Debug|Win32
		{C89EF4E6-7926-4AF5-B82D-57755C36B7DE}.Debug|x86.Build.0 = Debug|Win32
		{C89EF4E6-7926-4AF5-B82D-57755C36B7DE}.Release|x64.ActiveCfg = Release|x64
		{C89EF4E6-7926-4AF5-B82D-57755C36B7DE}.Release|x64.Build.0 = Release|x64
		{C89EF4E6-7926-4AF5-B82D-57755C36B7DE}.Release|x86.ActiveCfg = Release|Win32
		{C89EF4E6-7926-4AF5-B82D-57755C36B7DE}.Release|x86.Build.0 = Release|Win32
	EndGlobalSection
	GlobalSection(SolutionProperties) = preSolution
		HideSolutionNode = FALSE
	EndGlobalSection
	GlobalSection(ExtensibilityGlobals) = postSolution
		SolutionGuid = {3BC9D21E-C7F4-4527-8982-DF7237C8DF9C}
	EndGlobalSection
EndGlobal
